annotated-types==0.7.0
eventkit==1.0.3
ib-insync==0.9.86
iniconfig==2.3.0
nest-asyncio==1.6.0
numpy==2.4.6
packaging==26.2
pluggy==1.6.0
pydantic==2.13.4
pydantic-settings==2.14.1
pydantic_core==2.46.4
Pygments==2.20.0
pytest==9.0.3
pytest-asyncio==1.4.0
python-dotenv==1.2.2
PyYAML==6.0.3
typing-inspection==0.4.2
typing_extensions==4.15.0
# Editable install with no version control (vol-infra==0.1.0)
-e /Users/fefe/Desktop/Cours M1 Albert/Semestre 2/AI for algo
